
Microsoft Visual Studio Solution File, Format Version 12.00
# Visual Studio 14
VisualStudioVersion = 14.0.25420.1
MinimumVisualStudioVersion = 10.0.40219.1
Project("{FAE04EC0-301F-11D3-BF4B-00C04F79EFBC}") = "Application.DailyStatus.DataAccessEntities", "Application.DailyStatus.DataModel\Application.DailyStatus.DataAccessEntities.csproj", "{4E6CD3F6-32AE-4EE9-8EFD-94FD29EA3188}"
EndProject
Project("{FAE04EC0-301F-11D3-BF4B-00C04F79EFBC}") = "Application.DailyStatus.BusinessEntities", "Application.DailyStatus.BusinessEntities\Application.DailyStatus.BusinessEntities.csproj", "{499C88F4-8FC7-4300-8972-9B51C3CEFFDB}"
EndProject
Project("{00D1A9C2-B5F0-4AF3-8072-F6C62B433612}") = "Application.DailyStatus.DataBase", "Application.DailyStatus.DataBase\Application.DailyStatus.DataBase.sqlproj", "{437415A1-1FCA-491A-BA7A-F4582F285DBC}"
EndProject
Project("{FAE04EC0-301F-11D3-BF4B-00C04F79EFBC}") = "Application.DailyStatus.WebApi", "Application.DailyStatus.WebApi\Application.DailyStatus.WebApi.csproj", "{7CA44B29-62D7-46F4-960B-4FD198BF8280}"
EndProject
Project("{2150E333-8FDC-42A3-9474-1A3956D46DE8}") = "DataBase", "DataBase", "{2C3B1D2D-9ACD-45ED-BA21-D081EC99A764}"
EndProject
Project("{2150E333-8FDC-42A3-9474-1A3956D46DE8}") = "SourceCode", "SourceCode", "{62C2AA52-2C59-4638-A6CF-5B128596D64E}"
EndProject
Project("{FAE04EC0-301F-11D3-BF4B-00C04F79EFBC}") = "Application.DailyStatus.BusinessService", "Application.DailyStatus.BusinessService\Application.DailyStatus.BusinessService.csproj", "{9523CD01-6FBA-4524-A1E5-B090AFF18857}"
EndProject
Project("{FAE04EC0-301F-11D3-BF4B-00C04F79EFBC}") = "Application.DailyStatus.BusinessInterface", "Application.DailyStatus.BusinessInterface\Application.DailyStatus.BusinessInterface.csproj", "{3FE425EE-E27F-4206-B1F8-854394B2F17C}"
EndProject
Project("{FAE04EC0-301F-11D3-BF4B-00C04F79EFBC}") = "Application.DailyStatus.DataAccess", "Application.DailyStatus.Repository\Application.DailyStatus.DataAccess.csproj", "{019694B7-C70B-40B8-A43C-570A35D7A7F2}"
EndProject
Project("{FAE04EC0-301F-11D3-BF4B-00C04F79EFBC}") = "Application.DailyStatus.BusinessCommon", "Application.DailyStatus.BusinessCommon\Application.DailyStatus.BusinessCommon.csproj", "{E5DAA549-95F5-48AA-8713-3A36A8A6C79B}"
EndProject
Project("{FAE04EC0-301F-11D3-BF4B-00C04F79EFBC}") = "Application.DailyStatus.Resolver", "Application.DailyStatus.Resolver\Application.DailyStatus.Resolver.csproj", "{9E0912E7-5398-466A-B54B-F0E5FB5C8B58}"
EndProject
Project("{FAE04EC0-301F-11D3-BF4B-00C04F79EFBC}") = "Application.DailyStatus.DataAccessCommon", "Application.DailyStatus.RepositoryCommon\Application.DailyStatus.DataAccessCommon.csproj", "{13A973C2-331D-46FC-882B-9817B48D0FC1}"
EndProject
Project("{FAE04EC0-301F-11D3-BF4B-00C04F79EFBC}") = "Application.DailyStatus.DataAccessInterface", "Application.DailyStatus.DataAccessInterface\Application.DailyStatus.DataAccessInterface.csproj", "{6B824E84-B756-43A9-B7FF-731EA0BABB82}"
EndProject
Global
	GlobalSection(SolutionConfigurationPlatforms) = preSolution
		Debug|Any CPU = Debug|Any CPU
		Release|Any CPU = Release|Any CPU
	EndGlobalSection
	GlobalSection(ProjectConfigurationPlatforms) = postSolution
		{4E6CD3F6-32AE-4EE9-8EFD-94FD29EA3188}.Debug|Any CPU.ActiveCfg = Debug|Any CPU
		{4E6CD3F6-32AE-4EE9-8EFD-94FD29EA3188}.Debug|Any CPU.Build.0 = Debug|Any CPU
		{4E6CD3F6-32AE-4EE9-8EFD-94FD29EA3188}.Release|Any CPU.ActiveCfg = Release|Any CPU
		{4E6CD3F6-32AE-4EE9-8EFD-94FD29EA3188}.Release|Any CPU.Build.0 = Release|Any CPU
		{499C88F4-8FC7-4300-8972-9B51C3CEFFDB}.Debug|Any CPU.ActiveCfg = Debug|Any CPU
		{499C88F4-8FC7-4300-8972-9B51C3CEFFDB}.Debug|Any CPU.Build.0 = Debug|Any CPU
		{499C88F4-8FC7-4300-8972-9B51C3CEFFDB}.Release|Any CPU.ActiveCfg = Release|Any CPU
		{499C88F4-8FC7-4300-8972-9B51C3CEFFDB}.Release|Any CPU.Build.0 = Release|Any CPU
		{437415A1-1FCA-491A-BA7A-F4582F285DBC}.Debug|Any CPU.ActiveCfg = Debug|Any CPU
		{437415A1-1FCA-491A-BA7A-F4582F285DBC}.Debug|Any CPU.Build.0 = Debug|Any CPU
		{437415A1-1FCA-491A-BA7A-F4582F285DBC}.Debug|Any CPU.Deploy.0 = Debug|Any CPU
		{437415A1-1FCA-491A-BA7A-F4582F285DBC}.Release|Any CPU.ActiveCfg = Release|Any CPU
		{437415A1-1FCA-491A-BA7A-F4582F285DBC}.Release|Any CPU.Build.0 = Release|Any CPU
		{437415A1-1FCA-491A-BA7A-F4582F285DBC}.Release|Any CPU.Deploy.0 = Release|Any CPU
		{7CA44B29-62D7-46F4-960B-4FD198BF8280}.Debug|Any CPU.ActiveCfg = Debug|Any CPU
		{7CA44B29-62D7-46F4-960B-4FD198BF8280}.Debug|Any CPU.Build.0 = Debug|Any CPU
		{7CA44B29-62D7-46F4-960B-4FD198BF8280}.Release|Any CPU.ActiveCfg = Release|Any CPU
		{7CA44B29-62D7-46F4-960B-4FD198BF8280}.Release|Any CPU.Build.0 = Release|Any CPU
		{9523CD01-6FBA-4524-A1E5-B090AFF18857}.Debug|Any CPU.ActiveCfg = Debug|Any CPU
		{9523CD01-6FBA-4524-A1E5-B090AFF18857}.Debug|Any CPU.Build.0 = Debug|Any CPU
		{9523CD01-6FBA-4524-A1E5-B090AFF18857}.Release|Any CPU.ActiveCfg = Release|Any CPU
		{9523CD01-6FBA-4524-A1E5-B090AFF18857}.Release|Any CPU.Build.0 = Release|Any CPU
		{3FE425EE-E27F-4206-B1F8-854394B2F17C}.Debug|Any CPU.ActiveCfg = Debug|Any CPU
		{3FE425EE-E27F-4206-B1F8-854394B2F17C}.Debug|Any CPU.Build.0 = Debug|Any CPU
		{3FE425EE-E27F-4206-B1F8-854394B2F17C}.Release|Any CPU.ActiveCfg = Release|Any CPU
		{3FE425EE-E27F-4206-B1F8-854394B2F17C}.Release|Any CPU.Build.0 = Release|Any CPU
		{019694B7-C70B-40B8-A43C-570A35D7A7F2}.Debug|Any CPU.ActiveCfg = Debug|Any CPU
		{019694B7-C70B-40B8-A43C-570A35D7A7F2}.Debug|Any CPU.Build.0 = Debug|Any CPU
		{019694B7-C70B-40B8-A43C-570A35D7A7F2}.Release|Any CPU.ActiveCfg = Release|Any CPU
		{019694B7-C70B-40B8-A43C-570A35D7A7F2}.Release|Any CPU.Build.0 = Release|Any CPU
		{E5DAA549-95F5-48AA-8713-3A36A8A6C79B}.Debug|Any CPU.ActiveCfg = Debug|Any CPU
		{E5DAA549-95F5-48AA-8713-3A36A8A6C79B}.Debug|Any CPU.Build.0 = Debug|Any CPU
		{E5DAA549-95F5-48AA-8713-3A36A8A6C79B}.Release|Any CPU.ActiveCfg = Release|Any CPU
		{E5DAA549-95F5-48AA-8713-3A36A8A6C79B}.Release|Any CPU.Build.0 = Release|Any CPU
		{9E0912E7-5398-466A-B54B-F0E5FB5C8B58}.Debug|Any CPU.ActiveCfg = Debug|Any CPU
		{9E0912E7-5398-466A-B54B-F0E5FB5C8B58}.Debug|Any CPU.Build.0 = Debug|Any CPU
		{9E0912E7-5398-466A-B54B-F0E5FB5C8B58}.Release|Any CPU.ActiveCfg = Release|Any CPU
		{9E0912E7-5398-466A-B54B-F0E5FB5C8B58}.Release|Any CPU.Build.0 = Release|Any CPU
		{13A973C2-331D-46FC-882B-9817B48D0FC1}.Debug|Any CPU.ActiveCfg = Debug|Any CPU
		{13A973C2-331D-46FC-882B-9817B48D0FC1}.Debug|Any CPU.Build.0 = Debug|Any CPU
		{13A973C2-331D-46FC-882B-9817B48D0FC1}.Release|Any CPU.ActiveCfg = Release|Any CPU
		{13A973C2-331D-46FC-882B-9817B48D0FC1}.Release|Any CPU.Build.0 = Release|Any CPU
		{6B824E84-B756-43A9-B7FF-731EA0BABB82}.Debug|Any CPU.ActiveCfg = Debug|Any CPU
		{6B824E84-B756-43A9-B7FF-731EA0BABB82}.Debug|Any CPU.Build.0 = Debug|Any CPU
		{6B824E84-B756-43A9-B7FF-731EA0BABB82}.Release|Any CPU.ActiveCfg = Release|Any CPU
		{6B824E84-B756-43A9-B7FF-731EA0BABB82}.Release|Any CPU.Build.0 = Release|Any CPU
	EndGlobalSection
	GlobalSection(SolutionProperties) = preSolution
		HideSolutionNode = FALSE
	EndGlobalSection
	GlobalSection(NestedProjects) = preSolution
		{4E6CD3F6-32AE-4EE9-8EFD-94FD29EA3188} = {62C2AA52-2C59-4638-A6CF-5B128596D64E}
		{499C88F4-8FC7-4300-8972-9B51C3CEFFDB} = {62C2AA52-2C59-4638-A6CF-5B128596D64E}
		{437415A1-1FCA-491A-BA7A-F4582F285DBC} = {2C3B1D2D-9ACD-45ED-BA21-D081EC99A764}
		{7CA44B29-62D7-46F4-960B-4FD198BF8280} = {62C2AA52-2C59-4638-A6CF-5B128596D64E}
		{9523CD01-6FBA-4524-A1E5-B090AFF18857} = {62C2AA52-2C59-4638-A6CF-5B128596D64E}
		{3FE425EE-E27F-4206-B1F8-854394B2F17C} = {62C2AA52-2C59-4638-A6CF-5B128596D64E}
		{019694B7-C70B-40B8-A43C-570A35D7A7F2} = {62C2AA52-2C59-4638-A6CF-5B128596D64E}
		{E5DAA549-95F5-48AA-8713-3A36A8A6C79B} = {62C2AA52-2C59-4638-A6CF-5B128596D64E}
		{9E0912E7-5398-466A-B54B-F0E5FB5C8B58} = {62C2AA52-2C59-4638-A6CF-5B128596D64E}
		{13A973C2-331D-46FC-882B-9817B48D0FC1} = {62C2AA52-2C59-4638-A6CF-5B128596D64E}
		{6B824E84-B756-43A9-B7FF-731EA0BABB82} = {62C2AA52-2C59-4638-A6CF-5B128596D64E}
	EndGlobalSection
EndGlobal
